
Microsoft Visual Studio Solution File, Format Version 12.00
# Visual Studio 14
VisualStudioVersion = 14.0.25123.0
MinimumVisualStudioVersion = 10.0.40219.1
Project("{1BA55530-17CF-4B35-A12C-0956D1F153A0}") = "Sitecore.Support.126998", "Sitecore.Support.126998\Sitecore.Support.126998.csproj", "{0AC2E49C-C289-4768-A0DC-C345E8AD7540}"
EndProject
Global
	GlobalSection(SolutionConfigurationPlatforms) = preSolution
		Debug|Any CPU = Debug|Any CPU
		Release|Any CPU = Release|Any CPU
	EndGlobalSection
	GlobalSection(ProjectConfigurationPlatforms) = postSolution
		{0AC2E49C-C289-4768-A0DC-C345E8AD7540}.Debug|Any CPU.ActiveCfg = Debug|Any CPU
		{0AC2E49C-C289-4768-A0DC-C345E8AD7540}.Debug|Any CPU.Build.0 = Debug|Any CPU
		{0AC2E49C-C289-4768-A0DC-C345E8AD7540}.Release|Any CPU.ActiveCfg = Release|Any CPU
		{0AC2E49C-C289-4768-A0DC-C345E8AD7540}.Release|Any CPU.Build.0 = Release|Any CPU
	EndGlobalSection
	GlobalSection(SolutionProperties) = preSolution
		HideSolutionNode = FALSE
	EndGlobalSection
EndGlobal
